
Microsoft Visual Studio Solution File, Format Version 12.00
# Visual Studio 15
VisualStudioVersion = 15.0.27703.2042
MinimumVisualStudioVersion = 10.0.40219.1
Project("{FAE04EC0-301F-11D3-BF4B-00C04F79EFBC}") = "BaseSaver.Data", "BaseSaver.Data\BaseSaver.Data.csproj", "{AC7F82DA-DB3A-41F6-AED7-8F68E4189249}"
EndProject
Project("{FAE04EC0-301F-11D3-BF4B-00C04F79EFBC}") = "BaseSaverTest", "BaseSaverTest\BaseSaverTest.csproj", "{114C4237-EC10-4CBB-A698-8628F7C6933E}"
EndProject
Project("{FAE04EC0-301F-11D3-BF4B-00C04F79EFBC}") = "BaseSaver.Demo", "BaseSaver.Demo\BaseSaver.Demo.csproj", "{A38E6762-86CA-474B-A2AF-76CF9A05CF6B}"
EndProject
Global
	GlobalSection(SolutionConfigurationPlatforms) = preSolution
		Debug|Any CPU = Debug|Any CPU
		Release|Any CPU = Release|Any CPU
	EndGlobalSection
	GlobalSection(ProjectConfigurationPlatforms) = postSolution
		{AC7F82DA-DB3A-41F6-AED7-8F68E4189249}.Debug|Any CPU.ActiveCfg = Debug|Any CPU
		{AC7F82DA-DB3A-41F6-AED7-8F68E4189249}.Debug|Any CPU.Build.0 = Debug|Any CPU
		{AC7F82DA-DB3A-41F6-AED7-8F68E4189249}.Release|Any CPU.ActiveCfg = Release|Any CPU
		{AC7F82DA-DB3A-41F6-AED7-8F68E4189249}.Release|Any CPU.Build.0 = Release|Any CPU
		{114C4237-EC10-4CBB-A698-8628F7C6933E}.Debug|Any CPU.ActiveCfg = Debug|Any CPU
		{114C4237-EC10-4CBB-A698-8628F7C6933E}.Debug|Any CPU.Build.0 = Debug|Any CPU
		{114C4237-EC10-4CBB-A698-8628F7C6933E}.Release|Any CPU.ActiveCfg = Release|Any CPU
		{114C4237-EC10-4CBB-A698-8628F7C6933E}.Release|Any CPU.Build.0 = Release|Any CPU
		{A38E6762-86CA-474B-A2AF-76CF9A05CF6B}.Debug|Any CPU.ActiveCfg = Debug|Any CPU
		{A38E6762-86CA-474B-A2AF-76CF9A05CF6B}.Debug|Any CPU.Build.0 = Debug|Any CPU
		{A38E6762-86CA-474B-A2AF-76CF9A05CF6B}.Release|Any CPU.ActiveCfg = Release|Any CPU
		{A38E6762-86CA-474B-A2AF-76CF9A05CF6B}.Release|Any CPU.Build.0 = Release|Any CPU
	EndGlobalSection
	GlobalSection(SolutionProperties) = preSolution
		HideSolutionNode = FALSE
	EndGlobalSection
	GlobalSection(ExtensibilityGlobals) = postSolution
		SolutionGuid = {23A4EAD9-1A66-4824-A972-FFA80AD1E015}
	EndGlobalSection
EndGlobal
